
Microsoft Visual Studio Solution File, Format Version 12.00
# Visual Studio Version 17
VisualStudioVersion = 17.11.35327.3
MinimumVisualStudioVersion = 10.0.40219.1
Project("{9A19103F-16F7-4668-BE54-9A1E7A4F7556}") = "BlazorApp1", "BlazorApp1\BlazorApp1.csproj", "{1216B09B-9C0B-4A41-8BE4-097C9D9014A5}"
EndProject
Project("{9A19103F-16F7-4668-BE54-9A1E7A4F7556}") = "models", "models\models.csproj", "{240F5DFD-E808-4F62-A8A5-1CEEA623C7A2}"
EndProject
Global
	GlobalSection(SolutionConfigurationPlatforms) = preSolution
		Debug|Any CPU = Debug|Any CPU
		Release|Any CPU = Release|Any CPU
	EndGlobalSection
	GlobalSection(ProjectConfigurationPlatforms) = postSolution
		{1216B09B-9C0B-4A41-8BE4-097C9D9014A5}.Debug|Any CPU.ActiveCfg = Debug|Any CPU
		{1216B09B-9C0B-4A41-8BE4-097C9D9014A5}.Debug|Any CPU.Build.0 = Debug|Any CPU
		{1216B09B-9C0B-4A41-8BE4-097C9D9014A5}.Release|Any CPU.ActiveCfg = Release|Any CPU
		{1216B09B-9C0B-4A41-8BE4-097C9D9014A5}.Release|Any CPU.Build.0 = Release|Any CPU
		{240F5DFD-E808-4F62-A8A5-1CEEA623C7A2}.Debug|Any CPU.ActiveCfg = Debug|Any CPU
		{240F5DFD-E808-4F62-A8A5-1CEEA623C7A2}.Debug|Any CPU.Build.0 = Debug|Any CPU
		{240F5DFD-E808-4F62-A8A5-1CEEA623C7A2}.Release|Any CPU.ActiveCfg = Release|Any CPU
		{240F5DFD-E808-4F62-A8A5-1CEEA623C7A2}.Release|Any CPU.Build.0 = Release|Any CPU
	EndGlobalSection
	GlobalSection(SolutionProperties) = preSolution
		HideSolutionNode = FALSE
	EndGlobalSection
	GlobalSection(ExtensibilityGlobals) = postSolution
		SolutionGuid = {102A3C7B-C950-4CE1-B387-DAD6C419A68D}
	EndGlobalSection
EndGlobal
